// !$*UTF8*$!
{
	archiveVersion = 1;
	classes = {
	};
	objectVersion = 46;
	objects = {

/* Begin PBXBuildFile section */
		74C0F0FC1E8474F200D40D0A /* main.m in Sources */ = {isa = PBXBuildFile; fileRef = 74C0F0FB1E8474F200D40D0A /* main.m */; };
		74C0F0FF1E8474F200D40D0A /* AppDelegate.m in Sources */ = {isa = PBXBuildFile; fileRef = 74C0F0FE1E8474F200D40D0A /* AppDelegate.m */; };
		74C0F1021E8474F200D40D0A /* LoadingViewController.m in Sources */ = {isa = PBXBuildFile; fileRef = 74C0F1011E8474F200D40D0A /* LoadingViewController.m */; };
		74C0F1051E8474F200D40D0A /* Main.storyboard in Resources */ = {isa = PBXBuildFile; fileRef = 74C0F1031E8474F200D40D0A /* Main.storyboard */; };
		74C0F1071E8474F200D40D0A /* Assets.xcassets in Resources */ = {isa = PBXBuildFile; fileRef = 74C0F1061E8474F200D40D0A /* Assets.xcassets */; };
		74C0F10A1E8474F200D40D0A /* LaunchScreen.storyboard in Resources */ = {isa = PBXBuildFile; fileRef = 74C0F1081E8474F200D40D0A /* LaunchScreen.storyboard */; };
		74C0F1131E85DDE800D40D0A /* ServicesManager.m in Sources */ = {isa = PBXBuildFile; fileRef = 74C0F1121E85DDE800D40D0A /* ServicesManager.m */; };
		74C0F1171E86A4F400D40D0A /* Question.m in Sources */ = {isa = PBXBuildFile; fileRef = 74C0F1161E86A4F400D40D0A /* Question.m */; };
		74C0F11A1E86AA2800D40D0A /* Choice.m in Sources */ = {isa = PBXBuildFile; fileRef = 74C0F1191E86AA2800D40D0A /* Choice.m */; };
		74E0CCBE1E87031B00A72D00 /* Localizable.strings in Resources */ = {isa = PBXBuildFile; fileRef = 74E0CCBD1E87031B00A72D00 /* Localizable.strings */; };
		74E0CCC41E870B6A00A72D00 /* QuestionListViewController.m in Sources */ = {isa = PBXBuildFile; fileRef = 74E0CCC31E870B6A00A72D00 /* QuestionListViewController.m */; };
		74E0CCC81E871BB000A72D00 /* DetailViewController.m in Sources */ = {isa = PBXBuildFile; fileRef = 74E0CCC71E871BB000A72D00 /* DetailViewController.m */; };
		74E0CCCB1E87324200A72D00 /* ShareViewController.m in Sources */ = {isa = PBXBuildFile; fileRef = 74E0CCCA1E87324200A72D00 /* ShareViewController.m */; };
		9D670CE6294A26A0F3A4FEE2 /* libPods-Bliss Apiary Objective-C.a in Frameworks */ = {isa = PBXBuildFile; fileRef = EA09F8E7B4FF6A10580BBB69 /* libPods-Bliss Apiary Objective-C.a */; };
/* End PBXBuildFile section */

/* Begin PBXFileReference section */
		2AEEE5F114308A17B35BB924 /* Pods-Bliss Apiary Objective-C.release.xcconfig */ = {isa = PBXFileReference; includeInIndex = 1; lastKnownFileType = text.xcconfig; name = "Pods-Bliss Apiary Objective-C.release.xcconfig"; path = "Pods/Target Support Files/Pods-Bliss Apiary Objective-C/Pods-Bliss Apiary Objective-C.release.xcconfig"; sourceTree = "<group>"; };
		5DC12545A7086CA7FB00FE71 /* Pods-Bliss Apiary Objective-C.debug.xcconfig */ = {isa = PBXFileReference; includeInIndex = 1; lastKnownFileType = text.xcconfig; name = "Pods-Bliss Apiary Objective-C.debug.xcconfig"; path = "Pods/Target Support Files/Pods-Bliss Apiary Objective-C/Pods-Bliss Apiary Objective-C.debug.xcconfig"; sourceTree = "<group>"; };
		74C0F0F71E8474F200D40D0A /* Bliss Apiary Objective-C.app */ = {isa = PBXFileReference; explicitFileType = wrapper.application; includeInIndex = 0; path = "Bliss Apiary Objective-C.app"; sourceTree = BUILT_PRODUCTS_DIR; };
		74C0F0FB1E8474F200D40D0A /* main.m */ = {isa = PBXFileReference; lastKnownFileType = sourcecode.c.objc; path = main.m; sourceTree = "<group>"; };
		74C0F0FD1E8474F200D40D0A /* AppDelegate.h */ = {isa = PBXFileReference; lastKnownFileType = sourcecode.c.h; path = AppDelegate.h; sourceTree = "<group>"; };
		74C0F0FE1E8474F200D40D0A /* AppDelegate.m */ = {isa = PBXFileReference; lastKnownFileType = sourcecode.c.objc; path = AppDelegate.m; sourceTree = "<group>"; };
		74C0F1001E8474F200D40D0A /* LoadingViewController.h */ = {isa = PBXFileReference; lastKnownFileType = sourcecode.c.h; path = LoadingViewController.h; sourceTree = "<group>"; };
		74C0F1011E8474F200D40D0A /* LoadingViewController.m */ = {isa = PBXFileReference; lastKnownFileType = sourcecode.c.objc; path = LoadingViewController.m; sourceTree = "<group>"; };
		74C0F1041E8474F200D40D0A /* Base */ = {isa = PBXFileReference; lastKnownFileType = file.storyboard; name = Base; path = Base.lproj/Main.storyboard; sourceTree = "<group>"; };
		74C0F1061E8474F200D40D0A /* Assets.xcassets */ = {isa = PBXFileReference; lastKnownFileType = folder.assetcatalog; path = Assets.xcassets; sourceTree = "<group>"; };
		74C0F1091E8474F200D40D0A /* Base */ = {isa = PBXFileReference; lastKnownFileType = file.storyboard; name = Base; path = Base.lproj/LaunchScreen.storyboard; sourceTree = "<group>"; };
		74C0F10B1E8474F200D40D0A /* Info.plist */ = {isa = PBXFileReference; lastKnownFileType = text.plist.xml; path = Info.plist; sourceTree = "<group>"; };
		74C0F1111E85DDE800D40D0A /* ServicesManager.h */ = {isa = PBXFileReference; fileEncoding = 4; lastKnownFileType = sourcecode.c.h; path = ServicesManager.h; sourceTree = "<group>"; };
		74C0F1121E85DDE800D40D0A /* ServicesManager.m */ = {isa = PBXFileReference; fileEncoding = 4; lastKnownFileType = sourcecode.c.objc; path = ServicesManager.m; sourceTree = "<group>"; };
		74C0F1151E86A4F400D40D0A /* Question.h */ = {isa = PBXFileReference; fileEncoding = 4; lastKnownFileType = sourcecode.c.h; name = Question.h; path = Model/Question.h; sourceTree = "<group>"; };
		74C0F1161E86A4F400D40D0A /* Question.m */ = {isa = PBXFileReference; fileEncoding = 4; lastKnownFileType = sourcecode.c.objc; name = Question.m; path = Model/Question.m; sourceTree = "<group>"; };
		74C0F1181E86AA2800D40D0A /* Choice.h */ = {isa = PBXFileReference; fileEncoding = 4; lastKnownFileType = sourcecode.c.h; name = Choice.h; path = Model/Choice.h; sourceTree = "<group>"; };
		74C0F1191E86AA2800D40D0A /* Choice.m */ = {isa = PBXFileReference; fileEncoding = 4; lastKnownFileType = sourcecode.c.objc; name = Choice.m; path = Model/Choice.m; sourceTree = "<group>"; };
		74E0CCBD1E87031B00A72D00 /* Localizable.strings */ = {isa = PBXFileReference; fileEncoding = 4; lastKnownFileType = text.plist.strings; path = Localizable.strings; sourceTree = "<group>"; };
		74E0CCC01E8706C200A72D00 /* en */ = {isa = PBXFileReference; lastKnownFileType = text.plist.strings; name = en; path = en.lproj/Main.strings; sourceTree = "<group>"; };
		74E0CCC21E870B6A00A72D00 /* QuestionListViewController.h */ = {isa = PBXFileReference; fileEncoding = 4; lastKnownFileType = sourcecode.c.h; path = QuestionListViewController.h; sourceTree = "<group>"; };
		74E0CCC31E870B6A00A72D00 /* QuestionListViewController.m */ = {isa = PBXFileReference; fileEncoding = 4; lastKnownFileType = sourcecode.c.objc; path = QuestionListViewController.m; sourceTree = "<group>"; };
		74E0CCC61E871BB000A72D00 /* DetailViewController.h */ = {isa = PBXFileReference; fileEncoding = 4; lastKnownFileType = sourcecode.c.h; path = DetailViewController.h; sourceTree = "<group>"; };
		74E0CCC71E871BB000A72D00 /* DetailViewController.m */ = {isa = PBXFileReference; fileEncoding = 4; lastKnownFileType = sourcecode.c.objc; path = DetailViewController.m; sourceTree = "<group>"; };
		74E0CCC91E87324200A72D00 /* ShareViewController.h */ = {isa = PBXFileReference; fileEncoding = 4; lastKnownFileType = sourcecode.c.h; path = ShareViewController.h; sourceTree = "<group>"; };
		74E0CCCA1E87324200A72D00 /* ShareViewController.m */ = {isa = PBXFileReference; fileEncoding = 4; lastKnownFileType = sourcecode.c.objc; path = ShareViewController.m; sourceTree = "<group>"; };
		EA09F8E7B4FF6A10580BBB69 /* libPods-Bliss Apiary Objective-C.a */ = {isa = PBXFileReference; explicitFileType = archive.ar; includeInIndex = 0; path = "libPods-Bliss Apiary Objective-C.a"; sourceTree = BUILT_PRODUCTS_DIR; };
/* End PBXFileReference section */

/* Begin PBXFrameworksBuildPhase section */
		74C0F0F41E8474F200D40D0A /* Frameworks */ = {
			isa = PBXFrameworksBuildPhase;
			buildActionMask = 2147483647;
			files = (
				9D670CE6294A26A0F3A4FEE2 /* libPods-Bliss Apiary Objective-C.a in Frameworks */,
			);
			runOnlyForDeploymentPostprocessing = 0;
		};
/* End PBXFrameworksBuildPhase section */

/* Begin PBXGroup section */
		74C0F0EE1E8474F200D40D0A = {
			isa = PBXGroup;
			children = (
				74C0F0F91E8474F200D40D0A /* Bliss Apiary Objective-C */,
				74C0F0F81E8474F200D40D0A /* Products */,
				EBE0FDC294271796DC17AFE1 /* Pods */,
				7BD306B1E47375F05BC2E6D3 /* Frameworks */,
			);
			sourceTree = "<group>";
		};
		74C0F0F81E8474F200D40D0A /* Products */ = {
			isa = PBXGroup;
			children = (
				74C0F0F71E8474F200D40D0A /* Bliss Apiary Objective-C.app */,
			);
			name = Products;
			sourceTree = "<group>";
		};
		74C0F0F91E8474F200D40D0A /* Bliss Apiary Objective-C */ = {
			isa = PBXGroup;
			children = (
				74C0F0FD1E8474F200D40D0A /* AppDelegate.h */,
				74C0F0FE1E8474F200D40D0A /* AppDelegate.m */,
				74C0F1141E86A4C300D40D0A /* Model */,
				74E0CCC51E870B8D00A72D00 /* View */,
				74C0F1031E8474F200D40D0A /* Main.storyboard */,
				74C0F1061E8474F200D40D0A /* Assets.xcassets */,
				74C0F1081E8474F200D40D0A /* LaunchScreen.storyboard */,
				74C0F10B1E8474F200D40D0A /* Info.plist */,
				74C0F0FA1E8474F200D40D0A /* Supporting Files */,
				74C0F1111E85DDE800D40D0A /* ServicesManager.h */,
				74C0F1121E85DDE800D40D0A /* ServicesManager.m */,
				74E0CCBD1E87031B00A72D00 /* Localizable.strings */,
			);
			path = "Bliss Apiary Objective-C";
			sourceTree = "<group>";
		};
		74C0F0FA1E8474F200D40D0A /* Supporting Files */ = {
			isa = PBXGroup;
			children = (
				74C0F0FB1E8474F200D40D0A /* main.m */,
			);
			name = "Supporting Files";
			sourceTree = "<group>";
		};
		74C0F1141E86A4C300D40D0A /* Model */ = {
			isa = PBXGroup;
			children = (
				74C0F1151E86A4F400D40D0A /* Question.h */,
				74C0F1161E86A4F400D40D0A /* Question.m */,
				74C0F1181E86AA2800D40D0A /* Choice.h */,
				74C0F1191E86AA2800D40D0A /* Choice.m */,
			);
			name = Model;
			sourceTree = "<group>";
		};
		74E0CCC51E870B8D00A72D00 /* View */ = {
			isa = PBXGroup;
			children = (
				74C0F1001E8474F200D40D0A /* LoadingViewController.h */,
				74C0F1011E8474F200D40D0A /* LoadingViewController.m */,
				74E0CCC21E870B6A00A72D00 /* QuestionListViewController.h */,
				74E0CCC31E870B6A00A72D00 /* QuestionListViewController.m */,
				74E0CCC61E871BB000A72D00 /* DetailViewController.h */,
				74E0CCC71E871BB000A72D00 /* DetailViewController.m */,
				74E0CCC91E87324200A72D00 /* ShareViewController.h */,
				74E0CCCA1E87324200A72D00 /* ShareViewController.m */,
			);
			name = View;
			sourceTree = "<group>";
		};
		7BD306B1E47375F05BC2E6D3 /* Frameworks */ = {
			isa = PBXGroup;
			children = (
				EA09F8E7B4FF6A10580BBB69 /* libPods-Bliss Apiary Objective-C.a */,
			);
			name = Frameworks;
			sourceTree = "<group>";
		};
		EBE0FDC294271796DC17AFE1 /* Pods */ = {
			isa = PBXGroup;
			children = (
				5DC12545A7086CA7FB00FE71 /* Pods-Bliss Apiary Objective-C.debug.xcconfig */,
				2AEEE5F114308A17B35BB924 /* Pods-Bliss Apiary Objective-C.release.xcconfig */,
			);
			name = Pods;
			sourceTree = "<group>";
		};
/* End PBXGroup section */

/* Begin PBXNativeTarget section */
		74C0F0F61E8474F200D40D0A /* Bliss Apiary Objective-C */ = {
			isa = PBXNativeTarget;
			buildConfigurationList = 74C0F10E1E8474F200D40D0A /* Build configuration list for PBXNativeTarget "Bliss Apiary Objective-C" */;
			buildPhases = (
				0E49C2F6C4DF33A9060EE7D4 /* [CP] Check Pods Manifest.lock */,
				74C0F0F31E8474F200D40D0A /* Sources */,
				74C0F0F41E8474F200D40D0A /* Frameworks */,
				74C0F0F51E8474F200D40D0A /* Resources */,
				26321D30CA7FEE16E0EFDDCC /* [CP] Embed Pods Frameworks */,
				FA2AC258ACE7810148A9C627 /* [CP] Copy Pods Resources */,
			);
			buildRules = (
			);
			dependencies = (
			);
			name = "Bliss Apiary Objective-C";
			productName = "Bliss Apiary Objective-C";
			productReference = 74C0F0F71E8474F200D40D0A /* Bliss Apiary Objective-C.app */;
			productType = "com.apple.product-type.application";
		};
/* End PBXNativeTarget section */

/* Begin PBXProject section */
		74C0F0EF1E8474F200D40D0A /* Project object */ = {
			isa = PBXProject;
			attributes = {
				LastUpgradeCheck = 0820;
				ORGANIZATIONNAME = "Claudio Sobrinho";
				TargetAttributes = {
					74C0F0F61E8474F200D40D0A = {
						CreatedOnToolsVersion = 8.2.1;
						DevelopmentTeam = BWR284E7E7;
						ProvisioningStyle = Automatic;
					};
				};
			};
			buildConfigurationList = 74C0F0F21E8474F200D40D0A /* Build configuration list for PBXProject "Bliss Apiary Objective-C" */;
			compatibilityVersion = "Xcode 3.2";
			developmentRegion = English;
			hasScannedForEncodings = 0;
			knownRegions = (
				en,
				Base,
			);
			mainGroup = 74C0F0EE1E8474F200D40D0A;
			productRefGroup = 74C0F0F81E8474F200D40D0A /* Products */;
			projectDirPath = "";
			projectRoot = "";
			targets = (
				74C0F0F61E8474F200D40D0A /* Bliss Apiary Objective-C */,
			);
		};
/* End PBXProject section */

/* Begin PBXResourcesBuildPhase section */
		74C0F0F51E8474F200D40D0A /* Resources */ = {
			isa = PBXResourcesBuildPhase;
			buildActionMask = 2147483647;
			files = (
				74C0F10A1E8474F200D40D0A /* LaunchScreen.storyboard in Resources */,
				74E0CCBE1E87031B00A72D00 /* Localizable.strings in Resources */,
				74C0F1071E8474F200D40D0A /* Assets.xcassets in Resources */,
				74C0F1051E8474F200D40D0A /* Main.storyboard in Resources */,
			);
			runOnlyForDeploymentPostprocessing = 0;
		};
/* End PBXResourcesBuildPhase section */

/* Begin PBXShellScriptBuildPhase section */
		0E49C2F6C4DF33A9060EE7D4 /* [CP] Check Pods Manifest.lock */ = {
			isa = PBXShellScriptBuildPhase;
			buildActionMask = 2147483647;
			files = (
			);
			inputPaths = (
			);
			name = "[CP] Check Pods Manifest.lock";
			outputPaths = (
			);
			runOnlyForDeploymentPostprocessing = 0;
			shellPath = /bin/sh;
			shellScript = "diff \"${PODS_ROOT}/../Podfile.lock\" \"${PODS_ROOT}/Manifest.lock\" > /dev/null\nif [ $? != 0 ] ; then\n    # print error to STDERR\n    echo \"error: The sandbox is not in sync with the Podfile.lock. Run 'pod install' or update your CocoaPods installation.\" >&2\n    exit 1\nfi\n";
			showEnvVarsInLog = 0;
		};
		26321D30CA7FEE16E0EFDDCC /* [CP] Embed Pods Frameworks */ = {
			isa = PBXShellScriptBuildPhase;
			buildActionMask = 2147483647;
			files = (
			);
			inputPaths = (
			);
			name = "[CP] Embed Pods Frameworks";
			outputPaths = (
			);
			runOnlyForDeploymentPostprocessing = 0;
			shellPath = /bin/sh;
			shellScript = "\"${SRCROOT}/Pods/Target Support Files/Pods-Bliss Apiary Objective-C/Pods-Bliss Apiary Objective-C-frameworks.sh\"\n";
			showEnvVarsInLog = 0;
		};
		FA2AC258ACE7810148A9C627 /* [CP] Copy Pods Resources */ = {
			isa = PBXShellScriptBuildPhase;
			buildActionMask = 2147483647;
			files = (
			);
			inputPaths = (
			);
			name = "[CP] Copy Pods Resources";
			outputPaths = (
			);
			runOnlyForDeploymentPostprocessing = 0;
			shellPath = /bin/sh;
			shellScript = "\"${SRCROOT}/Pods/Target Support Files/Pods-Bliss Apiary Objective-C/Pods-Bliss Apiary Objective-C-resources.sh\"\n";
			showEnvVarsInLog = 0;
		};
/* End PBXShellScriptBuildPhase section */

/* Begin PBXSourcesBuildPhase section */
		74C0F0F31E8474F200D40D0A /* Sources */ = {
			isa = PBXSourcesBuildPhase;
			buildActionMask = 2147483647;
			files = (
				74E0CCC41E870B6A00A72D00 /* QuestionListViewController.m in Sources */,
				74C0F11A1E86AA2800D40D0A /* Choice.m in Sources */,
				74C0F1021E8474F200D40D0A /* LoadingViewController.m in Sources */,
				74E0CCC81E871BB000A72D00 /* DetailViewController.m in Sources */,
				74C0F1131E85DDE800D40D0A /* ServicesManager.m in Sources */,
				74C0F1171E86A4F400D40D0A /* Question.m in Sources */,
				74C0F0FF1E8474F200D40D0A /* AppDelegate.m in Sources */,
				74E0CCCB1E87324200A72D00 /* ShareViewController.m in Sources */,
				74C0F0FC1E8474F200D40D0A /* main.m in Sources */,
			);
			runOnlyForDeploymentPostprocessing = 0;
		};
/* End PBXSourcesBuildPhase section */

/* Begin PBXVariantGroup section */
		74C0F1031E8474F200D40D0A /* Main.storyboard */ = {
			isa = PBXVariantGroup;
			children = (
				74C0F1041E8474F200D40D0A /* Base */,
				74E0CCC01E8706C200A72D00 /* en */,
			);
			name = Main.storyboard;
			sourceTree = "<group>";
		};
		74C0F1081E8474F200D40D0A /* LaunchScreen.storyboard */ = {
			isa = PBXVariantGroup;
			children = (
				74C0F1091E8474F200D40D0A /* Base */,
			);
			name = LaunchScreen.storyboard;
			sourceTree = "<group>";
		};
/* End PBXVariantGroup section */

/* Begin XCBuildConfiguration section */
		74C0F10C1E8474F200D40D0A /* Debug */ = {
			isa = XCBuildConfiguration;
			buildSettings = {
				ALWAYS_SEARCH_USER_PATHS = NO;
				CLANG_ANALYZER_NONNULL = YES;
				CLANG_CXX_LANGUAGE_STANDARD = "gnu++0x";
				CLANG_CXX_LIBRARY = "libc++";
				CLANG_ENABLE_MODULES = YES;
				CLANG_ENABLE_OBJC_ARC = YES;
				CLANG_WARN_BOOL_CONVERSION = YES;
				CLANG_WARN_CONSTANT_CONVERSION = YES;
				CLANG_WARN_DIRECT_OBJC_ISA_USAGE = YES_ERROR;
				CLANG_WARN_DOCUMENTATION_COMMENTS = YES;
				CLANG_WARN_EMPTY_BODY = YES;
				CLANG_WARN_ENUM_CONVERSION = YES;
				CLANG_WARN_INFINITE_RECURSION = YES;
				CLANG_WARN_INT_CONVERSION = YES;
				CLANG_WARN_OBJC_ROOT_CLASS = YES_ERROR;
				CLANG_WARN_SUSPICIOUS_MOVE = YES;
				CLANG_WARN_UNREACHABLE_CODE = YES;
				CLANG_WARN__DUPLICATE_METHOD_MATCH = YES;
				"CODE_SIGN_IDENTITY[sdk=iphoneos*]" = "iPhone Developer";
				COPY_PHASE_STRIP = NO;
				DEBUG_INFORMATION_FORMAT = dwarf;
				ENABLE_STRICT_OBJC_MSGSEND = YES;
				ENABLE_TESTABILITY = YES;
				GCC_C_LANGUAGE_STANDARD = gnu99;
				GCC_DYNAMIC_NO_PIC = NO;
				GCC_NO_COMMON_BLOCKS = YES;
				GCC_OPTIMIZATION_LEVEL = 0;
				GCC_PREPROCESSOR_DEFINITIONS = (
					"DEBUG=1",
					"$(inherited)",
				);
				GCC_WARN_64_TO_32_BIT_CONVERSION = YES;
				GCC_WARN_ABOUT_RETURN_TYPE = YES_ERROR;
				GCC_WARN_UNDECLARED_SELECTOR = YES;
				GCC_WARN_UNINITIALIZED_AUTOS = YES_AGGRESSIVE;
				GCC_WARN_UNUSED_FUNCTION = YES;
				GCC_WARN_UNUSED_VARIABLE = YES;
				IPHONEOS_DEPLOYMENT_TARGET = 10.2;
				MTL_ENABLE_DEBUG_INFO = YES;
				ONLY_ACTIVE_ARCH = YES;
				SDKROOT = iphoneos;
				TARGETED_DEVICE_FAMILY = "1,2";
			};
			name = Debug;
		};
		74C0F10D1E8474F200D40D0A /* Release */ = {
			isa = XCBuildConfiguration;
			buildSettings = {
				ALWAYS_SEARCH_USER_PATHS = NO;
				CLANG_ANALYZER_NONNULL = YES;
				CLANG_CXX_LANGUAGE_STANDARD = "gnu++0x";
				CLANG_CXX_LIBRARY = "libc++";
				CLANG_ENABLE_MODULES = YES;
				CLANG_ENABLE_OBJC_ARC = YES;
				CLANG_WARN_BOOL_CONVERSION = YES;
				CLANG_WARN_CONSTANT_CONVERSION = YES;
				CLANG_WARN_DIRECT_OBJC_ISA_USAGE = YES_ERROR;
				CLANG_WARN_DOCUMENTATION_COMMENTS = YES;
				CLANG_WARN_EMPTY_BODY = YES;
				CLANG_WARN_ENUM_CONVERSION = YES;
				CLANG_WARN_INFINITE_RECURSION = YES;
				CLANG_WARN_INT_CONVERSION = YES;
				CLANG_WARN_OBJC_ROOT_CLASS = YES_ERROR;
				CLANG_WARN_SUSPICIOUS_MOVE = YES;
				CLANG_WARN_UNREACHABLE_CODE = YES;
				CLANG_WARN__DUPLICATE_METHOD_MATCH = YES;
				"CODE_SIGN_IDENTITY[sdk=iphoneos*]" = "iPhone Developer";
				COPY_PHASE_STRIP = NO;
				DEBUG_INFORMATION_FORMAT = "dwarf-with-dsym";
				ENABLE_NS_ASSERTIONS = NO;
				ENABLE_STRICT_OBJC_MSGSEND = YES;
				GCC_C_LANGUAGE_STANDARD = gnu99;
				GCC_NO_COMMON_BLOCKS = YES;
				GCC_WARN_64_TO_32_BIT_CONVERSION = YES;
				GCC_WARN_ABOUT_RETURN_TYPE = YES_ERROR;
				GCC_WARN_UNDECLARED_SELECTOR = YES;
				GCC_WARN_UNINITIALIZED_AUTOS = YES_AGGRESSIVE;
				GCC_WARN_UNUSED_FUNCTION = YES;
				GCC_WARN_UNUSED_VARIABLE = YES;
				IPHONEOS_DEPLOYMENT_TARGET = 10.2;
				MTL_ENABLE_DEBUG_INFO = NO;
				SDKROOT = iphoneos;
				TARGETED_DEVICE_FAMILY = "1,2";
				VALIDATE_PRODUCT = YES;
			};
			name = Release;
		};
		74C0F10F1E8474F200D40D0A /* Debug */ = {
			isa = XCBuildConfiguration;
			baseConfigurationReference = 5DC12545A7086CA7FB00FE71 /* Pods-Bliss Apiary Objective-C.debug.xcconfig */;
			buildSettings = {
				ASSETCATALOG_COMPILER_APPICON_NAME = AppIcon;
				DEVELOPMENT_TEAM = BWR284E7E7;
				INFOPLIST_FILE = "Bliss Apiary Objective-C/Info.plist";
				LD_RUNPATH_SEARCH_PATHS = "$(inherited) @executable_path/Frameworks";
				PRODUCT_BUNDLE_IDENTIFIER = "claudiosobrinho.Bliss-Apiary-Objective-C";
				PRODUCT_NAME = "$(TARGET_NAME)";
			};
			name = Debug;
		};
		74C0F1101E8474F200D40D0A /* Release */ = {
			isa = XCBuildConfiguration;
			baseConfigurationReference = 2AEEE5F114308A17B35BB924 /* Pods-Bliss Apiary Objective-C.release.xcconfig */;
			buildSettings = {
				ASSETCATALOG_COMPILER_APPICON_NAME = AppIcon;
				DEVELOPMENT_TEAM = BWR284E7E7;
				INFOPLIST_FILE = "Bliss Apiary Objective-C/Info.plist";
				LD_RUNPATH_SEARCH_PATHS = "$(inherited) @executable_path/Frameworks";
				PRODUCT_BUNDLE_IDENTIFIER = "claudiosobrinho.Bliss-Apiary-Objective-C";
				PRODUCT_NAME = "$(TARGET_NAME)";
			};
			name = Release;
		};
/* End XCBuildConfiguration section */

/* Begin XCConfigurationList section */
		74C0F0F21E8474F200D40D0A /* Build configuration list for PBXProject "Bliss Apiary Objective-C" */ = {
			isa = XCConfigurationList;
			buildConfigurations = (
				74C0F10C1E8474F200D40D0A /* Debug */,
				74C0F10D1E8474F200D40D0A /* Release */,
			);
			defaultConfigurationIsVisible = 0;
			defaultConfigurationName = Release;
		};
		74C0F10E1E8474F200D40D0A /* Build configuration list for PBXNativeTarget "Bliss Apiary Objective-C" */ = {
			isa = XCConfigurationList;
			buildConfigurations = (
				74C0F10F1E8474F200D40D0A /* Debug */,
				74C0F1101E8474F200D40D0A /* Release */,
			);
			defaultConfigurationIsVisible = 0;
			defaultConfigurationName = Release;
		};
/* End XCConfigurationList section */
	};
	rootObject = 74C0F0EF1E8474F200D40D0A /* Project object */;
}
